
Microsoft Visual Studio Solution File, Format Version 12.00
# Visual Studio Version 17
VisualStudioVersion = 17.11.35303.130
MinimumVisualStudioVersion = 10.0.40219.1
Project("{9A19103F-16F7-4668-BE54-9A1E7A4F7556}") = "Repositories", "Repositories\Repositories.csproj", "{90B66019-2383-4EF7-9355-54F570F7AAE4}"
EndProject
Project("{9A19103F-16F7-4668-BE54-9A1E7A4F7556}") = "DataAccess", "DataAccess\DataAccess.csproj", "{879FC198-5292-46F5-999D-B7057326C0FD}"
EndProject
Project("{9A19103F-16F7-4668-BE54-9A1E7A4F7556}") = "ProjectManagementAPI", "ProjectManagementAPI\ProjectManagementAPI.csproj", "{6CAD4B4D-E12B-4257-85B0-80FC993627DE}"
EndProject
Project("{9A19103F-16F7-4668-BE54-9A1E7A4F7556}") = "ProductManagementWebClient", "ProductManagementWebClient\ProductManagementWebClient.csproj", "{FCBD6285-2C08-4E1E-BB4B-4BCAB893356D}"
EndProject
Project("{FAE04EC0-301F-11D3-BF4B-00C04F79EFBC}") = "BusinessObjects", "BusinessObjects\BusinessObjects.csproj", "{4C5AAB7F-EC0A-4318-977A-998FFB5D48F7}"
EndProject
Global
	GlobalSection(SolutionConfigurationPlatforms) = preSolution
		Debug|Any CPU = Debug|Any CPU
		Release|Any CPU = Release|Any CPU
	EndGlobalSection
	GlobalSection(ProjectConfigurationPlatforms) = postSolution
		{90B66019-2383-4EF7-9355-54F570F7AAE4}.Debug|Any CPU.ActiveCfg = Debug|Any CPU
		{90B66019-2383-4EF7-9355-54F570F7AAE4}.Debug|Any CPU.Build.0 = Debug|Any CPU
		{90B66019-2383-4EF7-9355-54F570F7AAE4}.Release|Any CPU.ActiveCfg = Release|Any CPU
		{90B66019-2383-4EF7-9355-54F570F7AAE4}.Release|Any CPU.Build.0 = Release|Any CPU
		{879FC198-5292-46F5-999D-B7057326C0FD}.Debug|Any CPU.ActiveCfg = Debug|Any CPU
		{879FC198-5292-46F5-999D-B7057326C0FD}.Debug|Any CPU.Build.0 = Debug|Any CPU
		{879FC198-5292-46F5-999D-B7057326C0FD}.Release|Any CPU.ActiveCfg = Release|Any CPU
		{879FC198-5292-46F5-999D-B7057326C0FD}.Release|Any CPU.Build.0 = Release|Any CPU
		{6CAD4B4D-E12B-4257-85B0-80FC993627DE}.Debug|Any CPU.ActiveCfg = Debug|Any CPU
		{6CAD4B4D-E12B-4257-85B0-80FC993627DE}.Debug|Any CPU.Build.0 = Debug|Any CPU
		{6CAD4B4D-E12B-4257-85B0-80FC993627DE}.Release|Any CPU.ActiveCfg = Release|Any CPU
		{6CAD4B4D-E12B-4257-85B0-80FC993627DE}.Release|Any CPU.Build.0 = Release|Any CPU
		{FCBD6285-2C08-4E1E-BB4B-4BCAB893356D}.Debug|Any CPU.ActiveCfg = Debug|Any CPU
		{FCBD6285-2C08-4E1E-BB4B-4BCAB893356D}.Debug|Any CPU.Build.0 = Debug|Any CPU
		{FCBD6285-2C08-4E1E-BB4B-4BCAB893356D}.Release|Any CPU.ActiveCfg = Release|Any CPU
		{FCBD6285-2C08-4E1E-BB4B-4BCAB893356D}.Release|Any CPU.Build.0 = Release|Any CPU
		{4C5AAB7F-EC0A-4318-977A-998FFB5D48F7}.Debug|Any CPU.ActiveCfg = Debug|Any CPU
		{4C5AAB7F-EC0A-4318-977A-998FFB5D48F7}.Debug|Any CPU.Build.0 = Debug|Any CPU
		{4C5AAB7F-EC0A-4318-977A-998FFB5D48F7}.Release|Any CPU.ActiveCfg = Release|Any CPU
		{4C5AAB7F-EC0A-4318-977A-998FFB5D48F7}.Release|Any CPU.Build.0 = Release|Any CPU
	EndGlobalSection
	GlobalSection(SolutionProperties) = preSolution
		HideSolutionNode = FALSE
	EndGlobalSection
	GlobalSection(ExtensibilityGlobals) = postSolution
		SolutionGuid = {1FE3388D-2E49-4EC1-AEE7-253DCFB17B50}
	EndGlobalSection
EndGlobal
